PODS:
  - Alamofire (5.4.4)
  - IQKeyboardManager (6.5.9)
  - MBProgressHUD (1.2.0)
  - ReachabilitySwift (5.0.0)
  - RxCocoa (6.2.0):
    - RxRelay (= 6.2.0)
    - RxSwift (= 6.2.0)
  - RxRelay (6.2.0):
    - RxSwift (= 6.2.0)
  - RxSwift (6.2.0)
  - Swinject (2.8.1)

DEPENDENCIES:
  - Alamofire
  - IQKeyboardManager
  - MBProgressHUD
  - ReachabilitySwift
  - RxCocoa
  - RxSwift
  - Swinject

SPEC REPOS:
  trunk:
    - Alamofire
    - IQKeyboardManager
    - MBProgressHUD
    - ReachabilitySwift
    - RxCocoa
    - RxRelay
    - RxSwift
    - Swinject

SPEC CHECKSUMS:
  Alamofire: f3b09a368f1582ab751b3fff5460276e0d2cf5c9
  IQKeyboardManager: 241cc94ccabc9deb8f8bd7d12f00d73288d13ecc
  MBProgressHUD: 3ee5efcc380f6a79a7cc9b363dd669c5e1ae7406
  ReachabilitySwift: 985039c6f7b23a1da463388634119492ff86c825
  RxCocoa: 4baf94bb35f2c0ab31bc0cb9f1900155f646ba42
  RxRelay: e72dbfd157807478401ef1982e1c61c945c94b2f
  RxSwift: d356ab7bee873611322f134c5f9ef379fa183d8f
  Swinject: 97112918bd7e0785dc2df7036213f3c8cbba6586

PODFILE CHECKSUM: d8e2d90cc37c78ffcf388b358eefd8dfba406ae1

COCOAPODS: 1.11.2
